// !$*UTF8*$!
{
	archiveVersion = 1;
	classes = {
	};
	objectVersion = 46;
	objects = {

/* Begin PBXBuildFile section */
		52C25A361A9282BC00C115B7 /* main.m in Sources */ = {isa = PBXBuildFile; fileRef = 52C25A351A9282BC00C115B7 /* main.m */; };
		52C25A391A9282BC00C115B7 /* AppDelegate.m in Sources */ = {isa = PBXBuildFile; fileRef = 52C25A381A9282BC00C115B7 /* AppDelegate.m */; };
		52C25A3C1A9282BC00C115B7 /* ViewController.m in Sources */ = {isa = PBXBuildFile; fileRef = 52C25A3B1A9282BC00C115B7 /* ViewController.m */; };
		52C25A3F1A9282BC00C115B7 /* Main.storyboard in Resources */ = {isa = PBXBuildFile; fileRef = 52C25A3D1A9282BC00C115B7 /* Main.storyboard */; };
		52C25A411A9282BC00C115B7 /* Images.xcassets in Resources */ = {isa = PBXBuildFile; fileRef = 52C25A401A9282BC00C115B7 /* Images.xcassets */; };
		52C25A441A9282BC00C115B7 /* LaunchScreen.xib in Resources */ = {isa = PBXBuildFile; fileRef = 52C25A421A9282BC00C115B7 /* LaunchScreen.xib */; };
		52C25A501A9282BC00C115B7 /* searchTestTests.m in Sources */ = {isa = PBXBuildFile; fileRef = 52C25A4F1A9282BC00C115B7 /* searchTestTests.m */; };
		52C25A5A1A92844800C115B7 /* QuartzCore.framework in Frameworks */ = {isa = PBXBuildFile; fileRef = 52C25A591A92844800C115B7 /* QuartzCore.framework */; };
/* End PBXBuildFile section */

/* Begin PBXContainerItemProxy section */
		52C25A4A1A9282BC00C115B7 /* PBXContainerItemProxy */ = {
			isa = PBXContainerItemProxy;
			containerPortal = 52C25A281A9282BC00C115B7 /* Project object */;
			proxyType = 1;
			remoteGlobalIDString = 52C25A2F1A9282BC00C115B7;
			remoteInfo = searchTest;
		};
/* End PBXContainerItemProxy section */

/* Begin PBXFileReference section */
		52C25A301A9282BC00C115B7 /* searchTest.app */ = {isa = PBXFileReference; explicitFileType = wrapper.application; includeInIndex = 0; path = searchTest.app; sourceTree = BUILT_PRODUCTS_DIR; };
		52C25A341A9282BC00C115B7 /* Info.plist */ = {isa = PBXFileReference; lastKnownFileType = text.plist.xml; path = Info.plist; sourceTree = "<group>"; };
		52C25A351A9282BC00C115B7 /* main.m */ = {isa = PBXFileReference; lastKnownFileType = sourcecode.c.objc; path = main.m; sourceTree = "<group>"; };
		52C25A371A9282BC00C115B7 /* AppDelegate.h */ = {isa = PBXFileReference; lastKnownFileType = sourcecode.c.h; path = AppDelegate.h; sourceTree = "<group>"; };
		52C25A381A9282BC00C115B7 /* AppDelegate.m */ = {isa = PBXFileReference; lastKnownFileType = sourcecode.c.objc; path = AppDelegate.m; sourceTree = "<group>"; };
		52C25A3A1A9282BC00C115B7 /* ViewController.h */ = {isa = PBXFileReference; lastKnownFileType = sourcecode.c.h; path = ViewController.h; sourceTree = "<group>"; };
		52C25A3B1A9282BC00C115B7 /* ViewController.m */ = {isa = PBXFileReference; lastKnownFileType = sourcecode.c.objc; path = ViewController.m; sourceTree = "<group>"; };
		52C25A3E1A9282BC00C115B7 /* Base */ = {isa = PBXFileReference; lastKnownFileType = file.storyboard; name = Base; path = Base.lproj/Main.storyboard; sourceTree = "<group>"; };
		52C25A401A9282BC00C115B7 /* Images.xcassets */ = {isa = PBXFileReference; lastKnownFileType = folder.assetcatalog; path = Images.xcassets; sourceTree = "<group>"; };
		52C25A431A9282BC00C115B7 /* Base */ = {isa = PBXFileReference; lastKnownFileType = file.xib; name = Base; path = Base.lproj/LaunchScreen.xib; sourceTree = "<group>"; };
		52C25A491A9282BC00C115B7 /* searchTestTests.xctest */ = {isa = PBXFileReference; explicitFileType = wrapper.cfbundle; includeInIndex = 0; path = searchTestTests.xctest; sourceTree = BUILT_PRODUCTS_DIR; };
		52C25A4E1A9282BC00C115B7 /* Info.plist */ = {isa = PBXFileReference; lastKnownFileType = text.plist.xml; path = Info.plist; sourceTree = "<group>"; };
		52C25A4F1A9282BC00C115B7 /* searchTestTests.m */ = {isa = PBXFileReference; lastKnownFileType = sourcecode.c.objc; path = searchTestTests.m; sourceTree = "<group>"; };
		52C25A591A92844800C115B7 /* QuartzCore.framework */ = {isa = PBXFileReference; lastKnownFileType = wrapper.framework; name = QuartzCore.framework; path = System/Library/Frameworks/QuartzCore.framework; sourceTree = SDKROOT; };
/* End PBXFileReference section */

/* Begin PBXFrameworksBuildPhase section */
		52C25A2D1A9282BC00C115B7 /* Frameworks */ = {
			isa = PBXFrameworksBuildPhase;
			buildActionMask = 2147483647;
			files = (
				52C25A5A1A92844800C115B7 /* QuartzCore.framework in Frameworks */,
			);
			runOnlyForDeploymentPostprocessing = 0;
		};
		52C25A461A9282BC00C115B7 /* Frameworks */ = {
			isa = PBXFrameworksBuildPhase;
			buildActionMask = 2147483647;
			files = (
			);
			runOnlyForDeploymentPostprocessing = 0;
		};
/* End PBXFrameworksBuildPhase section */

/* Begin PBXGroup section */
		52C25A271A9282BC00C115B7 = {
			isa = PBXGroup;
			children = (
				52C25A591A92844800C115B7 /* QuartzCore.framework */,
				52C25A321A9282BC00C115B7 /* searchTest */,
				52C25A4C1A9282BC00C115B7 /* searchTestTests */,
				52C25A311A9282BC00C115B7 /* Products */,
			);
			sourceTree = "<group>";
		};
		52C25A311A9282BC00C115B7 /* Products */ = {
			isa = PBXGroup;
			children = (
				52C25A301A9282BC00C115B7 /* searchTest.app */,
				52C25A491A9282BC00C115B7 /* searchTestTests.xctest */,
			);
			name = Products;
			sourceTree = "<group>";
		};
		52C25A321A9282BC00C115B7 /* searchTest */ = {
			isa = PBXGroup;
			children = (
				52C25A3D1A9282BC00C115B7 /* Main.storyboard */,
				52C25A3A1A9282BC00C115B7 /* ViewController.h */,
				52C25A3B1A9282BC00C115B7 /* ViewController.m */,
				52C25A401A9282BC00C115B7 /* Images.xcassets */,
				52C25A421A9282BC00C115B7 /* LaunchScreen.xib */,
				52C25A331A9282BC00C115B7 /* Supporting Files */,
			);
			path = searchTest;
			sourceTree = "<group>";
		};
		52C25A331A9282BC00C115B7 /* Supporting Files */ = {
			isa = PBXGroup;
			children = (
				52C25A371A9282BC00C115B7 /* AppDelegate.h */,
				52C25A381A9282BC00C115B7 /* AppDelegate.m */,
				52C25A341A9282BC00C115B7 /* Info.plist */,
				52C25A351A9282BC00C115B7 /* main.m */,
			);
			name = "Supporting Files";
			sourceTree = "<group>";
		};
		52C25A4C1A9282BC00C115B7 /* searchTestTests */ = {
			isa = PBXGroup;
			children = (
				52C25A4F1A9282BC00C115B7 /* searchTestTests.m */,
				52C25A4D1A9282BC00C115B7 /* Supporting Files */,
			);
			path = searchTestTests;
			sourceTree = "<group>";
		};
		52C25A4D1A9282BC00C115B7 /* Supporting Files */ = {
			isa = PBXGroup;
			children = (
				52C25A4E1A9282BC00C115B7 /* Info.plist */,
			);
			name = "Supporting Files";
			sourceTree = "<group>";
		};
/* End PBXGroup section */

/* Begin PBXNativeTarget section */
		52C25A2F1A9282BC00C115B7 /* searchTest */ = {
			isa = PBXNativeTarget;
			buildConfigurationList = 52C25A531A9282BC00C115B7 /* Build configuration list for PBXNativeTarget "searchTest" */;
			buildPhases = (
				52C25A2C1A9282BC00C115B7 /* Sources */,
				52C25A2D1A9282BC00C115B7 /* Frameworks */,
				52C25A2E1A9282BC00C115B7 /* Resources */,
			);
			buildRules = (
			);
			dependencies = (
			);
			name = searchTest;
			productName = searchTest;
			productReference = 52C25A301A9282BC00C115B7 /* searchTest.app */;
			productType = "com.apple.product-type.application";
		};
		52C25A481A9282BC00C115B7 /* searchTestTests */ = {
			isa = PBXNativeTarget;
			buildConfigurationList = 52C25A561A9282BC00C115B7 /* Build configuration list for PBXNativeTarget "searchTestTests" */;
			buildPhases = (
				52C25A451A9282BC00C115B7 /* Sources */,
				52C25A461A9282BC00C115B7 /* Frameworks */,
				52C25A471A9282BC00C115B7 /* Resources */,
			);
			buildRules = (
			);
			dependencies = (
				52C25A4B1A9282BC00C115B7 /* PBXTargetDependency */,
			);
			name = searchTestTests;
			productName = searchTestTests;
			productReference = 52C25A491A9282BC00C115B7 /* searchTestTests.xctest */;
			productType = "com.apple.product-type.bundle.unit-test";
		};
/* End PBXNativeTarget section */

/* Begin PBXProject section */
		52C25A281A9282BC00C115B7 /* Project object */ = {
			isa = PBXProject;
			attributes = {
				LastUpgradeCheck = 0610;
				ORGANIZATIONNAME = "John Bogil";
				TargetAttributes = {
					52C25A2F1A9282BC00C115B7 = {
						CreatedOnToolsVersion = 6.1.1;
					};
					52C25A481A9282BC00C115B7 = {
						CreatedOnToolsVersion = 6.1.1;
						TestTargetID = 52C25A2F1A9282BC00C115B7;
					};
				};
			};
			buildConfigurationList = 52C25A2B1A9282BC00C115B7 /* Build configuration list for PBXProject "searchTest" */;
			compatibilityVersion = "Xcode 3.2";
			developmentRegion = English;
			hasScannedForEncodings = 0;
			knownRegions = (
				en,
				Base,
			);
			mainGroup = 52C25A271A9282BC00C115B7;
			productRefGroup = 52C25A311A9282BC00C115B7 /* Products */;
			projectDirPath = "";
			projectRoot = "";
			targets = (
				52C25A2F1A9282BC00C115B7 /* searchTest */,
				52C25A481A9282BC00C115B7 /* searchTestTests */,
			);
		};
/* End PBXProject section */

/* Begin PBXResourcesBuildPhase section */
		52C25A2E1A9282BC00C115B7 /* Resources */ = {
			isa = PBXResourcesBuildPhase;
			buildActionMask = 2147483647;
			files = (
				52C25A3F1A9282BC00C115B7 /* Main.storyboard in Resources */,
				52C25A441A9282BC00C115B7 /* LaunchScreen.xib in Resources */,
				52C25A411A9282BC00C115B7 /* Images.xcassets in Resources */,
			);
			runOnlyForDeploymentPostprocessing = 0;
		};
		52C25A471A9282BC00C115B7 /* Resources */ = {
			isa = PBXResourcesBuildPhase;
			buildActionMask = 2147483647;
			files = (
			);
			runOnlyForDeploymentPostprocessing = 0;
		};
/* End PBXResourcesBuildPhase section */

/* Begin PBXSourcesBuildPhase section */
		52C25A2C1A9282BC00C115B7 /* Sources */ = {
			isa = PBXSourcesBuildPhase;
			buildActionMask = 2147483647;
			files = (
				52C25A3C1A9282BC00C115B7 /* ViewController.m in Sources */,
				52C25A391A9282BC00C115B7 /* AppDelegate.m in Sources */,
				52C25A361A9282BC00C115B7 /* main.m in Sources */,
			);
			runOnlyForDeploymentPostprocessing = 0;
		};
		52C25A451A9282BC00C115B7 /* Sources */ = {
			isa = PBXSourcesBuildPhase;
			buildActionMask = 2147483647;
			files = (
				52C25A501A9282BC00C115B7 /* searchTestTests.m in Sources */,
			);
			runOnlyForDeploymentPostprocessing = 0;
		};
/* End PBXSourcesBuildPhase section */

/* Begin PBXTargetDependency section */
		52C25A4B1A9282BC00C115B7 /* PBXTargetDependency */ = {
			isa = PBXTargetDependency;
			target = 52C25A2F1A9282BC00C115B7 /* searchTest */;
			targetProxy = 52C25A4A1A9282BC00C115B7 /* PBXContainerItemProxy */;
		};
/* End PBXTargetDependency section */

/* Begin PBXVariantGroup section */
		52C25A3D1A9282BC00C115B7 /* Main.storyboard */ = {
			isa = PBXVariantGroup;
			children = (
				52C25A3E1A9282BC00C115B7 /* Base */,
			);
			name = Main.storyboard;
			sourceTree = "<group>";
		};
		52C25A421A9282BC00C115B7 /* LaunchScreen.xib */ = {
			isa = PBXVariantGroup;
			children = (
				52C25A431A9282BC00C115B7 /* Base */,
			);
			name = LaunchScreen.xib;
			sourceTree = "<group>";
		};
/* End PBXVariantGroup section */

/* Begin XCBuildConfiguration section */
		52C25A511A9282BC00C115B7 /* Debug */ = {
			isa = XCBuildConfiguration;
			buildSettings = {
				ALWAYS_SEARCH_USER_PATHS = NO;
				CLANG_CXX_LANGUAGE_STANDARD = "gnu++0x";
				CLANG_CXX_LIBRARY = "libc++";
				CLANG_ENABLE_MODULES = YES;
				CLANG_ENABLE_OBJC_ARC = YES;
				CLANG_WARN_BOOL_CONVERSION = YES;
				CLANG_WARN_CONSTANT_CONVERSION = YES;
				CLANG_WARN_DIRECT_OBJC_ISA_USAGE = YES_ERROR;
				CLANG_WARN_EMPTY_BODY = YES;
				CLANG_WARN_ENUM_CONVERSION = YES;
				CLANG_WARN_INT_CONVERSION = YES;
				CLANG_WARN_OBJC_ROOT_CLASS = YES_ERROR;
				CLANG_WARN_UNREACHABLE_CODE = YES;
				CLANG_WARN__DUPLICATE_METHOD_MATCH = YES;
				"CODE_SIGN_IDENTITY[sdk=iphoneos*]" = "iPhone Developer";
				COPY_PHASE_STRIP = NO;
				ENABLE_STRICT_OBJC_MSGSEND = YES;
				GCC_C_LANGUAGE_STANDARD = gnu99;
				GCC_DYNAMIC_NO_PIC = NO;
				GCC_OPTIMIZATION_LEVEL = 0;
				GCC_PREPROCESSOR_DEFINITIONS = (
					"DEBUG=1",
					"$(inherited)",
				);
				GCC_SYMBOLS_PRIVATE_EXTERN = NO;
				GCC_WARN_64_TO_32_BIT_CONVERSION = YES;
				GCC_WARN_ABOUT_RETURN_TYPE = YES_ERROR;
				GCC_WARN_UNDECLARED_SELECTOR = YES;
				GCC_WARN_UNINITIALIZED_AUTOS = YES_AGGRESSIVE;
				GCC_WARN_UNUSED_FUNCTION = YES;
				GCC_WARN_UNUSED_VARIABLE = YES;
				IPHONEOS_DEPLOYMENT_TARGET = 8.1;
				MTL_ENABLE_DEBUG_INFO = YES;
				ONLY_ACTIVE_ARCH = YES;
				SDKROOT = iphoneos;
				TARGETED_DEVICE_FAMILY = "1,2";
			};
			name = Debug;
		};
		52C25A521A9282BC00C115B7 /* Release */ = {
			isa = XCBuildConfiguration;
			buildSettings = {
				ALWAYS_SEARCH_USER_PATHS = NO;
				CLANG_CXX_LANGUAGE_STANDARD = "gnu++0x";
				CLANG_CXX_LIBRARY = "libc++";
				CLANG_ENABLE_MODULES = YES;
				CLANG_ENABLE_OBJC_ARC = YES;
				CLANG_WARN_BOOL_CONVERSION = YES;
				CLANG_WARN_CONSTANT_CONVERSION = YES;
				CLANG_WARN_DIRECT_OBJC_ISA_USAGE = YES_ERROR;
				CLANG_WARN_EMPTY_BODY = YES;
				CLANG_WARN_ENUM_CONVERSION = YES;
				CLANG_WARN_INT_CONVERSION = YES;
				CLANG_WARN_OBJC_ROOT_CLASS = YES_ERROR;
				CLANG_WARN_UNREACHABLE_CODE = YES;
				CLANG_WARN__DUPLICATE_METHOD_MATCH = YES;
				"CODE_SIGN_IDENTITY[sdk=iphoneos*]" = "iPhone Developer";
				COPY_PHASE_STRIP = YES;
				ENABLE_NS_ASSERTIONS = NO;
				ENABLE_STRICT_OBJC_MSGSEND = YES;
				GCC_C_LANGUAGE_STANDARD = gnu99;
				GCC_WARN_64_TO_32_BIT_CONVERSION = YES;
				GCC_WARN_ABOUT_RETURN_TYPE = YES_ERROR;
				GCC_WARN_UNDECLARED_SELECTOR = YES;
				GCC_WARN_UNINITIALIZED_AUTOS = YES_AGGRESSIVE;
				GCC_WARN_UNUSED_FUNCTION = YES;
				GCC_WARN_UNUSED_VARIABLE = YES;
				IPHONEOS_DEPLOYMENT_TARGET = 8.1;
				MTL_ENABLE_DEBUG_INFO = NO;
				SDKROOT = iphoneos;
				TARGETED_DEVICE_FAMILY = "1,2";
				VALIDATE_PRODUCT = YES;
			};
			name = Release;
		};
		52C25A541A9282BC00C115B7 /* Debug */ = {
			isa = XCBuildConfiguration;
			buildSettings = {
				ASSETCATALOG_COMPILER_APPICON_NAME = AppIcon;
				INFOPLIST_FILE = searchTest/Info.plist;
				LD_RUNPATH_SEARCH_PATHS = "$(inherited) @executable_path/Frameworks";
				PRODUCT_NAME = "$(TARGET_NAME)";
			};
			name = Debug;
		};
		52C25A551A9282BC00C115B7 /* Release */ = {
			isa = XCBuildConfiguration;
			buildSettings = {
				ASSETCATALOG_COMPILER_APPICON_NAME = AppIcon;
				INFOPLIST_FILE = searchTest/Info.plist;
				LD_RUNPATH_SEARCH_PATHS = "$(inherited) @executable_path/Frameworks";
				PRODUCT_NAME = "$(TARGET_NAME)";
			};
			name = Release;
		};
		52C25A571A9282BC00C115B7 /* Debug */ = {
			isa = XCBuildConfiguration;
			buildSettings = {
				BUNDLE_LOADER = "$(TEST_HOST)";
				FRAMEWORK_SEARCH_PATHS = (
					"$(SDKROOT)/Developer/Library/Frameworks",
					"$(inherited)",
				);
				GCC_PREPROCESSOR_DEFINITIONS = (
					"DEBUG=1",
					"$(inherited)",
				);
				INFOPLIST_FILE = searchTestTests/Info.plist;
				LD_RUNPATH_SEARCH_PATHS = "$(inherited) @executable_path/Frameworks @loader_path/Frameworks";
				PRODUCT_NAME = "$(TARGET_NAME)";
				TEST_HOST = "$(BUILT_PRODUCTS_DIR)/searchTest.app/searchTest";
			};
			name = Debug;
		};
		52C25A581A9282BC00C115B7 /* Release */ = {
			isa = XCBuildConfiguration;
			buildSettings = {
				BUNDLE_LOADER = "$(TEST_HOST)";
				FRAMEWORK_SEARCH_PATHS = (
					"$(SDKROOT)/Developer/Library/Frameworks",
					"$(inherited)",
				);
				INFOPLIST_FILE = searchTestTests/Info.plist;
				LD_RUNPATH_SEARCH_PATHS = "$(inherited) @executable_path/Frameworks @loader_path/Frameworks";
				PRODUCT_NAME = "$(TARGET_NAME)";
				TEST_HOST = "$(BUILT_PRODUCTS_DIR)/searchTest.app/searchTest";
			};
			name = Release;
		};
/* End XCBuildConfiguration section */

/* Begin XCConfigurationList section */
		52C25A2B1A9282BC00C115B7 /* Build configuration list for PBXProject "searchTest" */ = {
			isa = XCConfigurationList;
			buildConfigurations = (
				52C25A511A9282BC00C115B7 /* Debug */,
				52C25A521A9282BC00C115B7 /* Release */,
			);
			defaultConfigurationIsVisible = 0;
			defaultConfigurationName = Release;
		};
		52C25A531A9282BC00C115B7 /* Build configuration list for PBXNativeTarget "searchTest" */ = {
			isa = XCConfigurationList;
			buildConfigurations = (
				52C25A541A9282BC00C115B7 /* Debug */,
				52C25A551A9282BC00C115B7 /* Release */,
			);
			defaultConfigurationIsVisible = 0;
		};
		52C25A561A9282BC00C115B7 /* Build configuration list for PBXNativeTarget "searchTestTests" */ = {
			isa = XCConfigurationList;
			buildConfigurations = (
				52C25A571A9282BC00C115B7 /* Debug */,
				52C25A581A9282BC00C115B7 /* Release */,
			);
			defaultConfigurationIsVisible = 0;
		};
/* End XCConfigurationList section */
	};
	rootObject = 52C25A281A9282BC00C115B7 /* Project object */;
}
